PODS:
  - MyScriptInteractiveInk-Runtime (4.2.1)

DEPENDENCIES:
  - MyScriptInteractiveInk-Runtime (= 4.2.1)

SPEC REPOS:
  trunk:
    - MyScriptInteractiveInk-Runtime

SPEC CHECKSUMS:
  MyScriptInteractiveInk-Runtime: 2cc9860d6a22673764b79b0f13f07be9bf8a3729

PODFILE CHECKSUM: d8442d1292124723d006b0cf1a9a38ec436f47d5

COCOAPODS: 1.16.2
