// !$*UTF8*$!
{
	archiveVersion = 1;
	classes = {
	};
	objectVersion = 77;
	objects = {

/* Begin PBXBuildFile section */
		AE4C26BF2EF84C9A0089CC3C /* me.andy.allen.Trivial.c in Sources */ = {isa = PBXBuildFile; fileRef = AE4C26BE2EF84C9A0089CC3C /* me.andy.allen.Trivial.c */; };
		C4B8257FA31BED22370271D6 /* libPods-Trivial.a in Frameworks */ = {isa = PBXBuildFile; fileRef = 8C6004BA06274FD2310574B0 /* libPods-Trivial.a */; };
/* End PBXBuildFile section */

/* Begin PBXFileReference section */
		0FA740AD3C1724826C80E68D /* Pods-Trivial.debug.xcconfig */ = {isa = PBXFileReference; includeInIndex = 1; lastKnownFileType = text.xcconfig; name = "Pods-Trivial.debug.xcconfig"; path = "Target Support Files/Pods-Trivial/Pods-Trivial.debug.xcconfig"; sourceTree = "<group>"; };
		7AEECD521EFF89C6373D9C02 /* Pods-Trivial.release.xcconfig */ = {isa = PBXFileReference; includeInIndex = 1; lastKnownFileType = text.xcconfig; name = "Pods-Trivial.release.xcconfig"; path = "Target Support Files/Pods-Trivial/Pods-Trivial.release.xcconfig"; sourceTree = "<group>"; };
		8C6004BA06274FD2310574B0 /* libPods-Trivial.a */ = {isa = PBXFileReference; explicitFileType = archive.ar; includeInIndex = 0; path = "libPods-Trivial.a"; sourceTree = BUILT_PRODUCTS_DIR; };
		AE4C26BE2EF84C9A0089CC3C /* me.andy.allen.Trivial.c */ = {isa = PBXFileReference; lastKnownFileType = sourcecode.c.c; name = me.andy.allen.Trivial.c; path = /Users/andrewallen/Downloads/me.andy.allen.Trivial.c; sourceTree = "<absolute>"; };
		AEAB2C832EF7BD3300424068 /* MyCertificate.h */ = {isa = PBXFileReference; lastKnownFileType = sourcecode.c.h; path = MyCertificate.h; sourceTree = "<group>"; };
		AEAFC2392EF4B85B00811728 /* Trivial.app */ = {isa = PBXFileReference; explicitFileType = wrapper.application; includeInIndex = 0; path = Trivial.app; sourceTree = BUILT_PRODUCTS_DIR; };
/* End PBXFileReference section */

/* Begin PBXFileSystemSynchronizedRootGroup section */
		AEAFC23B2EF4B85B00811728 /* Trivial */ = {
			isa = PBXFileSystemSynchronizedRootGroup;
			path = Trivial;
			sourceTree = "<group>";
		};
		AED5AD602EF747D900F4FA67 /* .cursor */ = {
			isa = PBXFileSystemSynchronizedRootGroup;
			path = .cursor;
			sourceTree = "<group>";
		};
		AED92C132EF7AE2600A06118 /* recognition-assets */ = {
			isa = PBXFileSystemSynchronizedRootGroup;
			path = "recognition-assets";
			sourceTree = "<group>";
		};
/* End PBXFileSystemSynchronizedRootGroup section */

/* Begin PBXFrameworksBuildPhase section */
		AEAFC2362EF4B85B00811728 /* Frameworks */ = {
			isa = PBXFrameworksBuildPhase;
			buildActionMask = 2147483647;
			files = (
				C4B8257FA31BED22370271D6 /* libPods-Trivial.a in Frameworks */,
			);
			runOnlyForDeploymentPostprocessing = 0;
		};
/* End PBXFrameworksBuildPhase section */

/* Begin PBXGroup section */
		1CD3FB676B945362DF406464 /* Frameworks */ = {
			isa = PBXGroup;
			children = (
				8C6004BA06274FD2310574B0 /* libPods-Trivial.a */,
			);
			name = Frameworks;
			sourceTree = "<group>";
		};
		7D21902157F5C13C106A1960 /* Pods */ = {
			isa = PBXGroup;
			children = (
				0FA740AD3C1724826C80E68D /* Pods-Trivial.debug.xcconfig */,
				7AEECD521EFF89C6373D9C02 /* Pods-Trivial.release.xcconfig */,
			);
			path = Pods;
			sourceTree = "<group>";
		};
		AEAB2C852EF7BD3300424068 /* MyScriptCertificate */ = {
			isa = PBXGroup;
			children = (
				AEAB2C832EF7BD3300424068 /* MyCertificate.h */,
				AE4C26BE2EF84C9A0089CC3C /* me.andy.allen.Trivial.c */,
			);
			path = MyScriptCertificate;
			sourceTree = "<group>";
		};
		AEAFC2302EF4B85B00811728 = {
			isa = PBXGroup;
			children = (
				AEAB2C852EF7BD3300424068 /* MyScriptCertificate */,
				AEAFC23B2EF4B85B00811728 /* Trivial */,
				AEAFC23A2EF4B85B00811728 /* Products */,
				AED5AD602EF747D900F4FA67 /* .cursor */,
				7D21902157F5C13C106A1960 /* Pods */,
				AED92C132EF7AE2600A06118 /* recognition-assets */,
				1CD3FB676B945362DF406464 /* Frameworks */,
			);
			sourceTree = "<group>";
		};
		AEAFC23A2EF4B85B00811728 /* Products */ = {
			isa = PBXGroup;
			children = (
				AEAFC2392EF4B85B00811728 /* Trivial.app */,
			);
			name = Products;
			sourceTree = "<group>";
		};
/* End PBXGroup section */

/* Begin PBXNativeTarget section */
		AEAFC2382EF4B85B00811728 /* Trivial */ = {
			isa = PBXNativeTarget;
			buildConfigurationList = AEAFC2442EF4B85D00811728 /* Build configuration list for PBXNativeTarget "Trivial" */;
			buildPhases = (
				AEAFC2352EF4B85B00811728 /* Sources */,
				AEAFC2362EF4B85B00811728 /* Frameworks */,
				AEAFC2372EF4B85B00811728 /* Resources */,
			);
			buildRules = (
			);
			dependencies = (
			);
			fileSystemSynchronizedGroups = (
				AEAFC23B2EF4B85B00811728 /* Trivial */,
				AED5AD602EF747D900F4FA67 /* .cursor */,
				AED92C132EF7AE2600A06118 /* recognition-assets */,
			);
			name = Trivial;
			productName = Trivial;
			productReference = AEAFC2392EF4B85B00811728 /* Trivial.app */;
			productType = "com.apple.product-type.application";
		};
/* End PBXNativeTarget section */

/* Begin PBXProject section */
		AEAFC2312EF4B85B00811728 /* Project object */ = {
			isa = PBXProject;
			attributes = {
				BuildIndependentTargetsInParallel = 1;
				LastSwiftUpdateCheck = 2620;
				LastUpgradeCheck = 2620;
				TargetAttributes = {
					AEAFC2382EF4B85B00811728 = {
						CreatedOnToolsVersion = 26.2;
					};
				};
			};
			buildConfigurationList = AEAFC2342EF4B85B00811728 /* Build configuration list for PBXProject "Trivial" */;
			developmentRegion = en;
			hasScannedForEncodings = 0;
			knownRegions = (
				en,
				Base,
			);
			mainGroup = AEAFC2302EF4B85B00811728;
			minimizedProjectReferenceProxies = 1;
			preferredProjectObjectVersion = 77;
			productRefGroup = AEAFC23A2EF4B85B00811728 /* Products */;
			projectDirPath = "";
			projectRoot = "";
			targets = (
				AEAFC2382EF4B85B00811728 /* Trivial */,
			);
		};
/* End PBXProject section */

/* Begin PBXResourcesBuildPhase section */
		AEAFC2372EF4B85B00811728 /* Resources */ = {
			isa = PBXResourcesBuildPhase;
			buildActionMask = 2147483647;
			files = (
			);
			runOnlyForDeploymentPostprocessing = 0;
		};
/* End PBXResourcesBuildPhase section */

/* Begin PBXSourcesBuildPhase section */
		AEAFC2352EF4B85B00811728 /* Sources */ = {
			isa = PBXSourcesBuildPhase;
			buildActionMask = 2147483647;
			files = (
				AE4C26BF2EF84C9A0089CC3C /* me.andy.allen.Trivial.c in Sources */,
			);
			runOnlyForDeploymentPostprocessing = 0;
		};
/* End PBXSourcesBuildPhase section */

/* Begin XCBuildConfiguration section */
		AEAFC2422EF4B85D00811728 /* Debug */ = {
			isa = XCBuildConfiguration;
			buildSettings = {
				ALWAYS_SEARCH_USER_PATHS = NO;
				ASSETCATALOG_COMPILER_GENERATE_SWIFT_ASSET_SYMBOL_EXTENSIONS = YES;
				CLANG_ANALYZER_NONNULL = YES;
				CLANG_ANALYZER_NUMBER_OBJECT_CONVERSION = YES_AGGRESSIVE;
				CLANG_CXX_LANGUAGE_STANDARD = "gnu++20";
				CLANG_ENABLE_MODULES = YES;
				CLANG_ENABLE_OBJC_ARC = YES;
				CLANG_ENABLE_OBJC_WEAK = YES;
				CLANG_WARN_BLOCK_CAPTURE_AUTORELEASING = YES;
				CLANG_WARN_BOOL_CONVERSION = YES;
				CLANG_WARN_COMMA = YES;
				CLANG_WARN_CONSTANT_CONVERSION = YES;
				CLANG_WARN_DEPRECATED_OBJC_IMPLEMENTATIONS = YES;
				CLANG_WARN_DIRECT_OBJC_ISA_USAGE = YES_ERROR;
				CLANG_WARN_DOCUMENTATION_COMMENTS = YES;
				CLANG_WARN_EMPTY_BODY = YES;
				CLANG_WARN_ENUM_CONVERSION = YES;
				CLANG_WARN_INFINITE_RECURSION = YES;
				CLANG_WARN_INT_CONVERSION = YES;
				CLANG_WARN_NON_LITERAL_NULL_CONVERSION = YES;
				CLANG_WARN_OBJC_IMPLICIT_RETAIN_SELF = YES;
				CLANG_WARN_OBJC_LITERAL_CONVERSION = YES;
				CLANG_WARN_OBJC_ROOT_CLASS = YES_ERROR;
				CLANG_WARN_QUOTED_INCLUDE_IN_FRAMEWORK_HEADER = YES;
				CLANG_WARN_RANGE_LOOP_ANALYSIS = YES;
				CLANG_WARN_STRICT_PROTOTYPES = YES;
				CLANG_WARN_SUSPICIOUS_MOVE = YES;
				CLANG_WARN_UNGUARDED_AVAILABILITY = YES_AGGRESSIVE;
				CLANG_WARN_UNREACHABLE_CODE = YES;
				CLANG_WARN__DUPLICATE_METHOD_MATCH = YES;
				COPY_PHASE_STRIP = NO;
				DEBUG_INFORMATION_FORMAT = dwarf;
				ENABLE_STRICT_OBJC_MSGSEND = YES;
				ENABLE_TESTABILITY = YES;
				ENABLE_USER_SCRIPT_SANDBOXING = YES;
				GCC_C_LANGUAGE_STANDARD = gnu17;
				GCC_DYNAMIC_NO_PIC = NO;
				GCC_NO_COMMON_BLOCKS = YES;
				GCC_OPTIMIZATION_LEVEL = 0;
				GCC_PREPROCESSOR_DEFINITIONS = (
					"DEBUG=1",
					"$(inherited)",
				);
				GCC_WARN_64_TO_32_BIT_CONVERSION = YES;
				GCC_WARN_ABOUT_RETURN_TYPE = YES_ERROR;
				GCC_WARN_UNDECLARED_SELECTOR = YES;
				GCC_WARN_UNINITIALIZED_AUTOS = YES_AGGRESSIVE;
				GCC_WARN_UNUSED_FUNCTION = YES;
				GCC_WARN_UNUSED_VARIABLE = YES;
				IPHONEOS_DEPLOYMENT_TARGET = 26.2;
				LOCALIZATION_PREFERS_STRING_CATALOGS = YES;
				MTL_ENABLE_DEBUG_INFO = INCLUDE_SOURCE;
				MTL_FAST_MATH = YES;
				ONLY_ACTIVE_ARCH = YES;
				SDKROOT = iphoneos;
				STRING_CATALOG_GENERATE_SYMBOLS = YES;
				SWIFT_ACTIVE_COMPILATION_CONDITIONS = "DEBUG $(inherited)";
				SWIFT_OPTIMIZATION_LEVEL = "-Onone";
			};
			name = Debug;
		};
		AEAFC2432EF4B85D00811728 /* Release */ = {
			isa = XCBuildConfiguration;
			buildSettings = {
				ALWAYS_SEARCH_USER_PATHS = NO;
				ASSETCATALOG_COMPILER_GENERATE_SWIFT_ASSET_SYMBOL_EXTENSIONS = YES;
				CLANG_ANALYZER_NONNULL = YES;
				CLANG_ANALYZER_NUMBER_OBJECT_CONVERSION = YES_AGGRESSIVE;
				CLANG_CXX_LANGUAGE_STANDARD = "gnu++20";
				CLANG_ENABLE_MODULES = YES;
				CLANG_ENABLE_OBJC_ARC = YES;
				CLANG_ENABLE_OBJC_WEAK = YES;
				CLANG_WARN_BLOCK_CAPTURE_AUTORELEASING = YES;
				CLANG_WARN_BOOL_CONVERSION = YES;
				CLANG_WARN_COMMA = YES;
				CLANG_WARN_CONSTANT_CONVERSION = YES;
				CLANG_WARN_DEPRECATED_OBJC_IMPLEMENTATIONS = YES;
				CLANG_WARN_DIRECT_OBJC_ISA_USAGE = YES_ERROR;
				CLANG_WARN_DOCUMENTATION_COMMENTS = YES;
				CLANG_WARN_EMPTY_BODY = YES;
				CLANG_WARN_ENUM_CONVERSION = YES;
				CLANG_WARN_INFINITE_RECURSION = YES;
				CLANG_WARN_INT_CONVERSION = YES;
				CLANG_WARN_NON_LITERAL_NULL_CONVERSION = YES;
				CLANG_WARN_OBJC_IMPLICIT_RETAIN_SELF = YES;
				CLANG_WARN_OBJC_LITERAL_CONVERSION = YES;
				CLANG_WARN_OBJC_ROOT_CLASS = YES_ERROR;
				CLANG_WARN_QUOTED_INCLUDE_IN_FRAMEWORK_HEADER = YES;
				CLANG_WARN_RANGE_LOOP_ANALYSIS = YES;
				CLANG_WARN_STRICT_PROTOTYPES = YES;
				CLANG_WARN_SUSPICIOUS_MOVE = YES;
				CLANG_WARN_UNGUARDED_AVAILABILITY = YES_AGGRESSIVE;
				CLANG_WARN_UNREACHABLE_CODE = YES;
				CLANG_WARN__DUPLICATE_METHOD_MATCH = YES;
				COPY_PHASE_STRIP = NO;
				DEBUG_INFORMATION_FORMAT = "dwarf-with-dsym";
				ENABLE_NS_ASSERTIONS = NO;
				ENABLE_STRICT_OBJC_MSGSEND = YES;
				ENABLE_USER_SCRIPT_SANDBOXING = YES;
				GCC_C_LANGUAGE_STANDARD = gnu17;
				GCC_NO_COMMON_BLOCKS = YES;
				GCC_WARN_64_TO_32_BIT_CONVERSION = YES;
				GCC_WARN_ABOUT_RETURN_TYPE = YES_ERROR;
				GCC_WARN_UNDECLARED_SELECTOR = YES;
				GCC_WARN_UNINITIALIZED_AUTOS = YES_AGGRESSIVE;
				GCC_WARN_UNUSED_FUNCTION = YES;
				GCC_WARN_UNUSED_VARIABLE = YES;
				IPHONEOS_DEPLOYMENT_TARGET = 26.2;
				LOCALIZATION_PREFERS_STRING_CATALOGS = YES;
				MTL_ENABLE_DEBUG_INFO = NO;
				MTL_FAST_MATH = YES;
				SDKROOT = iphoneos;
				STRING_CATALOG_GENERATE_SYMBOLS = YES;
				SWIFT_COMPILATION_MODE = wholemodule;
				VALIDATE_PRODUCT = YES;
			};
			name = Release;
		};
		AEAFC2452EF4B85D00811728 /* Debug */ = {
			isa = XCBuildConfiguration;
			baseConfigurationReference = 0FA740AD3C1724826C80E68D /* Pods-Trivial.debug.xcconfig */;
			buildSettings = {
				ASSETCATALOG_COMPILER_APPICON_NAME = AppIcon;
				ASSETCATALOG_COMPILER_GLOBAL_ACCENT_COLOR_NAME = AccentColor;
				CODE_SIGN_STYLE = Automatic;
				CURRENT_PROJECT_VERSION = 1;
				ENABLE_PREVIEWS = YES;
				GENERATE_INFOPLIST_FILE = YES;
				HEADER_SEARCH_PATHS = (
					"$(inherited)",
					"\"${PODS_CONFIGURATION_BUILD_DIR}/MyScriptInteractiveInk-Runtime/MyScriptInteractiveInk_Runtime.framework/Headers\"",
					"\"${PODS_XCFRAMEWORKS_BUILD_DIR}/MyScriptInteractiveInk-Runtime/Headers\"",
					"\"${PODS_ROOT}/MyScriptInteractiveInk-Runtime/Frameworks/iink.framework/Headers\"",
					"$(inherited)",
				);
				INFOPLIST_KEY_UIApplicationSceneManifest_Generation = YES;
				INFOPLIST_KEY_UIApplicationSupportsIndirectInputEvents = YES;
				INFOPLIST_KEY_UILaunchScreen_Generation = YES;
				INFOPLIST_KEY_UISupportedInterfaceOrientations_iPad = "UIInterfaceOrientationPortrait UIInterfaceOrientationPortraitUpsideDown UIInterfaceOrientationLandscapeLeft UIInterfaceOrientationLandscapeRight";
				INFOPLIST_KEY_UISupportedInterfaceOrientations_iPhone = "UIInterfaceOrientationPortrait UIInterfaceOrientationLandscapeLeft UIInterfaceOrientationLandscapeRight";
				LD_RUNPATH_SEARCH_PATHS = (
					"$(inherited)",
					"@executable_path/Frameworks",
				);
				MARKETING_VERSION = 1.0;
				PRODUCT_BUNDLE_IDENTIFIER = me.andy.allen.Trivial;
				PRODUCT_NAME = "$(TARGET_NAME)";
				STRING_CATALOG_GENERATE_SYMBOLS = YES;
				SWIFT_APPROACHABLE_CONCURRENCY = YES;
				SWIFT_DEFAULT_ACTOR_ISOLATION = nonisolated;
				SWIFT_EMIT_LOC_STRINGS = YES;
				"SWIFT_OBJC_BRIDGING_HEADER[arch=*]" = "Trivial/Trivial-Bridging-Header.h";
				SWIFT_UPCOMING_FEATURE_MEMBER_IMPORT_VISIBILITY = YES;
				SWIFT_VERSION = 5.0;
				TARGETED_DEVICE_FAMILY = "1,2";
				"USER_HEADER_SEARCH_PATHS[arch=*]" = "\"${PODS_ROOT}/MyScriptInteractiveInk-Runtime/Frameworks/iink.framework/Headers\"/**";
			};
			name = Debug;
		};
		AEAFC2462EF4B85D00811728 /* Release */ = {
			isa = XCBuildConfiguration;
			baseConfigurationReference = 7AEECD521EFF89C6373D9C02 /* Pods-Trivial.release.xcconfig */;
			buildSettings = {
				ASSETCATALOG_COMPILER_APPICON_NAME = AppIcon;
				ASSETCATALOG_COMPILER_GLOBAL_ACCENT_COLOR_NAME = AccentColor;
				CODE_SIGN_STYLE = Automatic;
				CURRENT_PROJECT_VERSION = 1;
				ENABLE_PREVIEWS = YES;
				GENERATE_INFOPLIST_FILE = YES;
				HEADER_SEARCH_PATHS = (
					"$(inherited)",
					"\"${PODS_CONFIGURATION_BUILD_DIR}/MyScriptInteractiveInk-Runtime/MyScriptInteractiveInk_Runtime.framework/Headers\"",
					"\"${PODS_XCFRAMEWORKS_BUILD_DIR}/MyScriptInteractiveInk-Runtime/Headers\"",
					"\"${PODS_ROOT}/MyScriptInteractiveInk-Runtime/Frameworks/iink.framework/Headers\"",
					"$(inherited)",
				);
				INFOPLIST_KEY_UIApplicationSceneManifest_Generation = YES;
				INFOPLIST_KEY_UIApplicationSupportsIndirectInputEvents = YES;
				INFOPLIST_KEY_UILaunchScreen_Generation = YES;
				INFOPLIST_KEY_UISupportedInterfaceOrientations_iPad = "UIInterfaceOrientationPortrait UIInterfaceOrientationPortraitUpsideDown UIInterfaceOrientationLandscapeLeft UIInterfaceOrientationLandscapeRight";
				INFOPLIST_KEY_UISupportedInterfaceOrientations_iPhone = "UIInterfaceOrientationPortrait UIInterfaceOrientationLandscapeLeft UIInterfaceOrientationLandscapeRight";
				LD_RUNPATH_SEARCH_PATHS = (
					"$(inherited)",
					"@executable_path/Frameworks",
				);
				MARKETING_VERSION = 1.0;
				PRODUCT_BUNDLE_IDENTIFIER = me.andy.allen.Trivial;
				PRODUCT_NAME = "$(TARGET_NAME)";
				STRING_CATALOG_GENERATE_SYMBOLS = YES;
				SWIFT_APPROACHABLE_CONCURRENCY = YES;
				SWIFT_DEFAULT_ACTOR_ISOLATION = nonisolated;
				SWIFT_EMIT_LOC_STRINGS = YES;
				"SWIFT_OBJC_BRIDGING_HEADER[arch=*]" = "Trivial/Trivial-Bridging-Header.h";
				SWIFT_UPCOMING_FEATURE_MEMBER_IMPORT_VISIBILITY = YES;
				SWIFT_VERSION = 5.0;
				TARGETED_DEVICE_FAMILY = "1,2";
				"USER_HEADER_SEARCH_PATHS[arch=*]" = "\"${PODS_ROOT}/MyScriptInteractiveInk-Runtime/Frameworks/iink.framework/Headers\"/**";
			};
			name = Release;
		};
/* End XCBuildConfiguration section */

/* Begin XCConfigurationList section */
		AEAFC2342EF4B85B00811728 /* Build configuration list for PBXProject "Trivial" */ = {
			isa = XCConfigurationList;
			buildConfigurations = (
				AEAFC2422EF4B85D00811728 /* Debug */,
				AEAFC2432EF4B85D00811728 /* Release */,
			);
			defaultConfigurationIsVisible = 0;
			defaultConfigurationName = Release;
		};
		AEAFC2442EF4B85D00811728 /* Build configuration list for PBXNativeTarget "Trivial" */ = {
			isa = XCConfigurationList;
			buildConfigurations = (
				AEAFC2452EF4B85D00811728 /* Debug */,
				AEAFC2462EF4B85D00811728 /* Release */,
			);
			defaultConfigurationIsVisible = 0;
			defaultConfigurationName = Release;
		};
/* End XCConfigurationList section */
	};
	rootObject = AEAFC2312EF4B85B00811728 /* Project object */;
}
