// !$*UTF8*$!
{
	archiveVersion = 1;
	classes = {
	};
	objectVersion = 77;
	objects = {

/* Begin PBXBuildFile section */
		1D8905EF74D61B1BF89BF0B1 /* libPods-InkOS.a in Frameworks */ = {isa = PBXBuildFile; fileRef = 39CD78C03F589AC861477AC4 /* libPods-InkOS.a */; };
		3FCAABBDCEB2882BDF4386E4 /* libPods-InkOSTests.a in Frameworks */ = {isa = PBXBuildFile; fileRef = 7652DFC84A5999840CE35B26 /* libPods-InkOSTests.a */; };
		AE35C59B2F199D3100F4336A /* GoogleService-Info.plist in Resources */ = {isa = PBXBuildFile; fileRef = AE35C59A2F199D3100F4336A /* GoogleService-Info.plist */; };
		AE4C26BF2EF84C9A0089CC3C /* me.andy.allen.Trivial.c in Sources */ = {isa = PBXBuildFile; fileRef = AE4C26BE2EF84C9A0089CC3C /* me.andy.allen.Trivial.c */; };
/* End PBXBuildFile section */

/* Begin PBXContainerItemProxy section */
		AE1AC1132EFB3B9E00E6E4BA /* PBXContainerItemProxy */ = {
			isa = PBXContainerItemProxy;
			containerPortal = AEAFC2312EF4B85B00811728 /* Project object */;
			proxyType = 1;
			remoteGlobalIDString = AEAFC2382EF4B85B00811728;
			remoteInfo = InkOS;
		};
		AECB52352F022B2B007CACA0 /* PBXContainerItemProxy */ = {
			isa = PBXContainerItemProxy;
			containerPortal = AEAFC2312EF4B85B00811728 /* Project object */;
			proxyType = 1;
			remoteGlobalIDString = AEAFC2382EF4B85B00811728;
			remoteInfo = InkOS;
		};
/* End PBXContainerItemProxy section */

/* Begin PBXFileReference section */
		39CD78C03F589AC861477AC4 /* libPods-InkOS.a */ = {isa = PBXFileReference; explicitFileType = archive.ar; includeInIndex = 0; path = "libPods-InkOS.a"; sourceTree = BUILT_PRODUCTS_DIR; };
		3C72F6D8DDA74BAAB09FB025 /* Pods-InkOS.release.xcconfig */ = {isa = PBXFileReference; includeInIndex = 1; lastKnownFileType = text.xcconfig; name = "Pods-InkOS.release.xcconfig"; path = "Target Support Files/Pods-InkOS/Pods-InkOS.release.xcconfig"; sourceTree = "<group>"; };
		3D1AAC0C313519CAE29AE659 /* Pods-InkOSTests.release.xcconfig */ = {isa = PBXFileReference; includeInIndex = 1; lastKnownFileType = text.xcconfig; name = "Pods-InkOSTests.release.xcconfig"; path = "Target Support Files/Pods-InkOSTests/Pods-InkOSTests.release.xcconfig"; sourceTree = "<group>"; };
		7652DFC84A5999840CE35B26 /* libPods-InkOSTests.a */ = {isa = PBXFileReference; explicitFileType = archive.ar; includeInIndex = 0; path = "libPods-InkOSTests.a"; sourceTree = BUILT_PRODUCTS_DIR; };
		AE1AC10D2EFB3B9E00E6E4BA /* InkOSUITests.xctest */ = {isa = PBXFileReference; explicitFileType = wrapper.cfbundle; includeInIndex = 0; path = InkOSUITests.xctest; sourceTree = BUILT_PRODUCTS_DIR; };
		AE35C59A2F199D3100F4336A /* GoogleService-Info.plist */ = {isa = PBXFileReference; lastKnownFileType = text.plist.xml; path = "GoogleService-Info.plist"; sourceTree = "<group>"; };
		AE4C26BE2EF84C9A0089CC3C /* me.andy.allen.Trivial.c */ = {isa = PBXFileReference; lastKnownFileType = sourcecode.c.c; name = me.andy.allen.Trivial.c; path = /Users/andrewallen/Downloads/me.andy.allen.Trivial.c; sourceTree = "<absolute>"; };
		AEAB2C832EF7BD3300424068 /* MyCertificate.h */ = {isa = PBXFileReference; lastKnownFileType = sourcecode.c.h; path = MyCertificate.h; sourceTree = "<group>"; };
		AEAFC2392EF4B85B00811728 /* InkOS.app */ = {isa = PBXFileReference; explicitFileType = wrapper.application; includeInIndex = 0; path = InkOS.app; sourceTree = BUILT_PRODUCTS_DIR; };
		AECB52312F022B2A007CACA0 /* InkOSTests.xctest */ = {isa = PBXFileReference; explicitFileType = wrapper.cfbundle; includeInIndex = 0; path = InkOSTests.xctest; sourceTree = BUILT_PRODUCTS_DIR; };
		B95CC48760412B82842147D7 /* Pods-InkOS.debug.xcconfig */ = {isa = PBXFileReference; includeInIndex = 1; lastKnownFileType = text.xcconfig; name = "Pods-InkOS.debug.xcconfig"; path = "Target Support Files/Pods-InkOS/Pods-InkOS.debug.xcconfig"; sourceTree = "<group>"; };
		EC99239A781B4BA5738A93B7 /* Pods-InkOSTests.debug.xcconfig */ = {isa = PBXFileReference; includeInIndex = 1; lastKnownFileType = text.xcconfig; name = "Pods-InkOSTests.debug.xcconfig"; path = "Target Support Files/Pods-InkOSTests/Pods-InkOSTests.debug.xcconfig"; sourceTree = "<group>"; };
/* End PBXFileReference section */

/* Begin PBXFileSystemSynchronizedBuildFileExceptionSet section */
		AEBCDA6F2F01D2C200324888 /* Exceptions for "InkOS" folder in "InkOS" target */ = {
			isa = PBXFileSystemSynchronizedBuildFileExceptionSet;
			membershipExceptions = (
				Info.plist,
			);
			target = AEAFC2382EF4B85B00811728 /* InkOS */;
		};
/* End PBXFileSystemSynchronizedBuildFileExceptionSet section */

/* Begin PBXFileSystemSynchronizedRootGroup section */
		AE1AC10E2EFB3B9E00E6E4BA /* InkOSUITests */ = {
			isa = PBXFileSystemSynchronizedRootGroup;
			path = InkOSUITests;
			sourceTree = "<group>";
		};
		AEA6BC452EF8643800D18138 /* recognition-assets */ = {
			isa = PBXFileSystemSynchronizedRootGroup;
			path = "recognition-assets";
			sourceTree = "<group>";
		};
		AEAFC23B2EF4B85B00811728 /* InkOS */ = {
			isa = PBXFileSystemSynchronizedRootGroup;
			exceptions = (
				AEBCDA6F2F01D2C200324888 /* Exceptions for "InkOS" folder in "InkOS" target */,
			);
			path = InkOS;
			sourceTree = "<group>";
		};
		AECB52322F022B2B007CACA0 /* InkOSTests */ = {
			isa = PBXFileSystemSynchronizedRootGroup;
			path = InkOSTests;
			sourceTree = "<group>";
		};
/* End PBXFileSystemSynchronizedRootGroup section */

/* Begin PBXFrameworksBuildPhase section */
		AE1AC10A2EFB3B9E00E6E4BA /* Frameworks */ = {
			isa = PBXFrameworksBuildPhase;
			buildActionMask = 2147483647;
			files = (
			);
			runOnlyForDeploymentPostprocessing = 0;
		};
		AEAFC2362EF4B85B00811728 /* Frameworks */ = {
			isa = PBXFrameworksBuildPhase;
			buildActionMask = 2147483647;
			files = (
				1D8905EF74D61B1BF89BF0B1 /* libPods-InkOS.a in Frameworks */,
			);
			runOnlyForDeploymentPostprocessing = 0;
		};
		AECB522E2F022B2A007CACA0 /* Frameworks */ = {
			isa = PBXFrameworksBuildPhase;
			buildActionMask = 2147483647;
			files = (
				3FCAABBDCEB2882BDF4386E4 /* libPods-InkOSTests.a in Frameworks */,
			);
			runOnlyForDeploymentPostprocessing = 0;
		};
/* End PBXFrameworksBuildPhase section */

/* Begin PBXGroup section */
		7D21902157F5C13C106A1960 /* Pods */ = {
			isa = PBXGroup;
			children = (
				B95CC48760412B82842147D7 /* Pods-InkOS.debug.xcconfig */,
				3C72F6D8DDA74BAAB09FB025 /* Pods-InkOS.release.xcconfig */,
				EC99239A781B4BA5738A93B7 /* Pods-InkOSTests.debug.xcconfig */,
				3D1AAC0C313519CAE29AE659 /* Pods-InkOSTests.release.xcconfig */,
			);
			path = Pods;
			sourceTree = "<group>";
		};
		AEAB2C852EF7BD3300424068 /* MyScriptCertificate */ = {
			isa = PBXGroup;
			children = (
				AEAB2C832EF7BD3300424068 /* MyCertificate.h */,
				AE4C26BE2EF84C9A0089CC3C /* me.andy.allen.Trivial.c */,
			);
			path = MyScriptCertificate;
			sourceTree = "<group>";
		};
		AEAFC2302EF4B85B00811728 = {
			isa = PBXGroup;
			children = (
				AEAB2C852EF7BD3300424068 /* MyScriptCertificate */,
				AEAFC23B2EF4B85B00811728 /* InkOS */,
				AE1AC10E2EFB3B9E00E6E4BA /* InkOSUITests */,
				AECB52322F022B2B007CACA0 /* InkOSTests */,
				AEAFC23A2EF4B85B00811728 /* Products */,
				7D21902157F5C13C106A1960 /* Pods */,
				AEA6BC452EF8643800D18138 /* recognition-assets */,
				F2E3911B917C595F2660348C /* Frameworks */,
				AE35C59A2F199D3100F4336A /* GoogleService-Info.plist */,
			);
			sourceTree = "<group>";
		};
		AEAFC23A2EF4B85B00811728 /* Products */ = {
			isa = PBXGroup;
			children = (
				AEAFC2392EF4B85B00811728 /* InkOS.app */,
				AE1AC10D2EFB3B9E00E6E4BA /* InkOSUITests.xctest */,
				AECB52312F022B2A007CACA0 /* InkOSTests.xctest */,
			);
			name = Products;
			sourceTree = "<group>";
		};
		F2E3911B917C595F2660348C /* Frameworks */ = {
			isa = PBXGroup;
			children = (
				39CD78C03F589AC861477AC4 /* libPods-InkOS.a */,
				7652DFC84A5999840CE35B26 /* libPods-InkOSTests.a */,
			);
			name = Frameworks;
			sourceTree = "<group>";
		};
/* End PBXGroup section */

/* Begin PBXNativeTarget section */
		AE1AC10C2EFB3B9E00E6E4BA /* InkOSUITests */ = {
			isa = PBXNativeTarget;
			buildConfigurationList = AE1AC1152EFB3B9E00E6E4BA /* Build configuration list for PBXNativeTarget "InkOSUITests" */;
			buildPhases = (
				AE1AC1092EFB3B9E00E6E4BA /* Sources */,
				AE1AC10A2EFB3B9E00E6E4BA /* Frameworks */,
				AE1AC10B2EFB3B9E00E6E4BA /* Resources */,
			);
			buildRules = (
			);
			dependencies = (
				AE1AC1142EFB3B9E00E6E4BA /* PBXTargetDependency */,
			);
			fileSystemSynchronizedGroups = (
				AE1AC10E2EFB3B9E00E6E4BA /* InkOSUITests */,
			);
			name = InkOSUITests;
			productName = InkOSUITests;
			productReference = AE1AC10D2EFB3B9E00E6E4BA /* InkOSUITests.xctest */;
			productType = "com.apple.product-type.bundle.ui-testing";
		};
		AEAFC2382EF4B85B00811728 /* InkOS */ = {
			isa = PBXNativeTarget;
			buildConfigurationList = AEAFC2442EF4B85D00811728 /* Build configuration list for PBXNativeTarget "InkOS" */;
			buildPhases = (
				89BBA18F5E78F49FCF8CC369 /* [CP] Check Pods Manifest.lock */,
				AEAFC2352EF4B85B00811728 /* Sources */,
				AEAFC2362EF4B85B00811728 /* Frameworks */,
				AEAFC2372EF4B85B00811728 /* Resources */,
				AEA6BC5A2EF8654800D18138 /* Copy Recognition Assets */,
				0DDFAA30004964993C82F526 /* [CP] Copy Pods Resources */,
			);
			buildRules = (
			);
			dependencies = (
			);
			fileSystemSynchronizedGroups = (
				AEAFC23B2EF4B85B00811728 /* InkOS */,
			);
			name = InkOS;
			productName = Trivial;
			productReference = AEAFC2392EF4B85B00811728 /* InkOS.app */;
			productType = "com.apple.product-type.application";
		};
		AECB52302F022B2A007CACA0 /* InkOSTests */ = {
			isa = PBXNativeTarget;
			buildConfigurationList = AECB52392F022B2B007CACA0 /* Build configuration list for PBXNativeTarget "InkOSTests" */;
			buildPhases = (
				12CB4D4CBD5D64C8E35D38B7 /* [CP] Check Pods Manifest.lock */,
				AECB522D2F022B2A007CACA0 /* Sources */,
				AECB522E2F022B2A007CACA0 /* Frameworks */,
				AECB522F2F022B2A007CACA0 /* Resources */,
			);
			buildRules = (
			);
			dependencies = (
				AECB52362F022B2B007CACA0 /* PBXTargetDependency */,
			);
			fileSystemSynchronizedGroups = (
				AECB52322F022B2B007CACA0 /* InkOSTests */,
			);
			name = InkOSTests;
			productName = InkOSTests;
			productReference = AECB52312F022B2A007CACA0 /* InkOSTests.xctest */;
			productType = "com.apple.product-type.bundle.unit-test";
		};
/* End PBXNativeTarget section */

/* Begin PBXProject section */
		AEAFC2312EF4B85B00811728 /* Project object */ = {
			isa = PBXProject;
			attributes = {
				BuildIndependentTargetsInParallel = 1;
				LastSwiftUpdateCheck = 2620;
				LastUpgradeCheck = 2620;
				TargetAttributes = {
					AE1AC10C2EFB3B9E00E6E4BA = {
						CreatedOnToolsVersion = 26.2;
						TestTargetID = AEAFC2382EF4B85B00811728;
					};
					AEAFC2382EF4B85B00811728 = {
						CreatedOnToolsVersion = 26.2;
					};
					AECB52302F022B2A007CACA0 = {
						CreatedOnToolsVersion = 26.2;
						TestTargetID = AEAFC2382EF4B85B00811728;
					};
				};
			};
			buildConfigurationList = AEAFC2342EF4B85B00811728 /* Build configuration list for PBXProject "InkOS" */;
			developmentRegion = en;
			hasScannedForEncodings = 0;
			knownRegions = (
				en,
				Base,
			);
			mainGroup = AEAFC2302EF4B85B00811728;
			minimizedProjectReferenceProxies = 1;
			preferredProjectObjectVersion = 77;
			productRefGroup = AEAFC23A2EF4B85B00811728 /* Products */;
			projectDirPath = "";
			projectRoot = "";
			targets = (
				AEAFC2382EF4B85B00811728 /* InkOS */,
				AE1AC10C2EFB3B9E00E6E4BA /* InkOSUITests */,
				AECB52302F022B2A007CACA0 /* InkOSTests */,
			);
		};
/* End PBXProject section */

/* Begin PBXResourcesBuildPhase section */
		AE1AC10B2EFB3B9E00E6E4BA /* Resources */ = {
			isa = PBXResourcesBuildPhase;
			buildActionMask = 2147483647;
			files = (
			);
			runOnlyForDeploymentPostprocessing = 0;
		};
		AEAFC2372EF4B85B00811728 /* Resources */ = {
			isa = PBXResourcesBuildPhase;
			buildActionMask = 2147483647;
			files = (
				AE35C59B2F199D3100F4336A /* GoogleService-Info.plist in Resources */,
			);
			runOnlyForDeploymentPostprocessing = 0;
		};
		AECB522F2F022B2A007CACA0 /* Resources */ = {
			isa = PBXResourcesBuildPhase;
			buildActionMask = 2147483647;
			files = (
			);
			runOnlyForDeploymentPostprocessing = 0;
		};
/* End PBXResourcesBuildPhase section */

/* Begin PBXShellScriptBuildPhase section */
		0DDFAA30004964993C82F526 /* [CP] Copy Pods Resources */ = {
			isa = PBXShellScriptBuildPhase;
			buildActionMask = 2147483647;
			files = (
			);
			inputFileListPaths = (
				"${PODS_ROOT}/Target Support Files/Pods-InkOS/Pods-InkOS-resources-${CONFIGURATION}-input-files.xcfilelist",
			);
			inputPaths = (
			);
			name = "[CP] Copy Pods Resources";
			outputFileListPaths = (
				"${PODS_ROOT}/Target Support Files/Pods-InkOS/Pods-InkOS-resources-${CONFIGURATION}-output-files.xcfilelist",
			);
			outputPaths = (
			);
			runOnlyForDeploymentPostprocessing = 0;
			shellPath = /bin/sh;
			shellScript = "\"${PODS_ROOT}/Target Support Files/Pods-InkOS/Pods-InkOS-resources.sh\"\n";
			showEnvVarsInLog = 0;
		};
		12CB4D4CBD5D64C8E35D38B7 /* [CP] Check Pods Manifest.lock */ = {
			isa = PBXShellScriptBuildPhase;
			buildActionMask = 2147483647;
			files = (
			);
			inputFileListPaths = (
			);
			inputPaths = (
				"${PODS_PODFILE_DIR_PATH}/Podfile.lock",
				"${PODS_ROOT}/Manifest.lock",
			);
			name = "[CP] Check Pods Manifest.lock";
			outputFileListPaths = (
			);
			outputPaths = (
				"$(DERIVED_FILE_DIR)/Pods-InkOSTests-checkManifestLockResult.txt",
			);
			runOnlyForDeploymentPostprocessing = 0;
			shellPath = /bin/sh;
			shellScript = "diff \"${PODS_PODFILE_DIR_PATH}/Podfile.lock\" \"${PODS_ROOT}/Manifest.lock\" > /dev/null\nif [ $? != 0 ] ; then\n    # print error to STDERR\n    echo \"error: The sandbox is not in sync with the Podfile.lock. Run 'pod install' or update your CocoaPods installation.\" >&2\n    exit 1\nfi\n# This output is used by Xcode 'outputs' to avoid re-running this script phase.\necho \"SUCCESS\" > \"${SCRIPT_OUTPUT_FILE_0}\"\n";
			showEnvVarsInLog = 0;
		};
		89BBA18F5E78F49FCF8CC369 /* [CP] Check Pods Manifest.lock */ = {
			isa = PBXShellScriptBuildPhase;
			buildActionMask = 2147483647;
			files = (
			);
			inputFileListPaths = (
			);
			inputPaths = (
				"${PODS_PODFILE_DIR_PATH}/Podfile.lock",
				"${PODS_ROOT}/Manifest.lock",
			);
			name = "[CP] Check Pods Manifest.lock";
			outputFileListPaths = (
			);
			outputPaths = (
				"$(DERIVED_FILE_DIR)/Pods-InkOS-checkManifestLockResult.txt",
			);
			runOnlyForDeploymentPostprocessing = 0;
			shellPath = /bin/sh;
			shellScript = "diff \"${PODS_PODFILE_DIR_PATH}/Podfile.lock\" \"${PODS_ROOT}/Manifest.lock\" > /dev/null\nif [ $? != 0 ] ; then\n    # print error to STDERR\n    echo \"error: The sandbox is not in sync with the Podfile.lock. Run 'pod install' or update your CocoaPods installation.\" >&2\n    exit 1\nfi\n# This output is used by Xcode 'outputs' to avoid re-running this script phase.\necho \"SUCCESS\" > \"${SCRIPT_OUTPUT_FILE_0}\"\n";
			showEnvVarsInLog = 0;
		};
		AEA6BC5A2EF8654800D18138 /* Copy Recognition Assets */ = {
			isa = PBXShellScriptBuildPhase;
			alwaysOutOfDate = 1;
			buildActionMask = 2147483647;
			files = (
			);
			inputFileListPaths = (
			);
			inputPaths = (
			);
			name = "Copy Recognition Assets";
			outputFileListPaths = (
			);
			outputPaths = (
			);
			runOnlyForDeploymentPostprocessing = 0;
			shellPath = /bin/sh;
			shellScript = "SOURCE_DIR=\"${SRCROOT}/recognition-assets\"\nDEST_DIR=\"${BUILT_PRODUCTS_DIR}/${PRODUCT_NAME}.app/recognition-assets\"\nAPP_DIR=\"${BUILT_PRODUCTS_DIR}/${PRODUCT_NAME}.app\"\n\nif [ -d \"$SOURCE_DIR\" ]; then\n    echo \"Copying recognition-assets to bundle...\"\n    rm -rf \"$DEST_DIR\"\n    cp -R \"$SOURCE_DIR\" \"$DEST_DIR\"\n    /usr/bin/xattr -cr \"$DEST_DIR\"\n    echo \"Done copying recognition-assets\"\nelse\n    echo \"Warning: recognition-assets not found at $SOURCE_DIR\"\nfi\n\nif [ -d \"$APP_DIR\" ]; then\n    /usr/bin/xattr -cr \"$APP_DIR\"\n    /usr/bin/find \"$APP_DIR\" -name '._*' -delete\nfi\n";
		};
/* End PBXShellScriptBuildPhase section */

/* Begin PBXSourcesBuildPhase section */
		AE1AC1092EFB3B9E00E6E4BA /* Sources */ = {
			isa = PBXSourcesBuildPhase;
			buildActionMask = 2147483647;
			files = (
			);
			runOnlyForDeploymentPostprocessing = 0;
		};
		AEAFC2352EF4B85B00811728 /* Sources */ = {
			isa = PBXSourcesBuildPhase;
			buildActionMask = 2147483647;
			files = (
				AE4C26BF2EF84C9A0089CC3C /* me.andy.allen.Trivial.c in Sources */,
			);
			runOnlyForDeploymentPostprocessing = 0;
		};
		AECB522D2F022B2A007CACA0 /* Sources */ = {
			isa = PBXSourcesBuildPhase;
			buildActionMask = 2147483647;
			files = (
			);
			runOnlyForDeploymentPostprocessing = 0;
		};
/* End PBXSourcesBuildPhase section */

/* Begin PBXTargetDependency section */
		AE1AC1142EFB3B9E00E6E4BA /* PBXTargetDependency */ = {
			isa = PBXTargetDependency;
			target = AEAFC2382EF4B85B00811728 /* InkOS */;
			targetProxy = AE1AC1132EFB3B9E00E6E4BA /* PBXContainerItemProxy */;
		};
		AECB52362F022B2B007CACA0 /* PBXTargetDependency */ = {
			isa = PBXTargetDependency;
			target = AEAFC2382EF4B85B00811728 /* InkOS */;
			targetProxy = AECB52352F022B2B007CACA0 /* PBXContainerItemProxy */;
		};
/* End PBXTargetDependency section */

/* Begin XCBuildConfiguration section */
		AE1AC1162EFB3B9E00E6E4BA /* Debug */ = {
			isa = XCBuildConfiguration;
			buildSettings = {
				CODE_SIGN_STYLE = Automatic;
				CURRENT_PROJECT_VERSION = 1;
				DEVELOPMENT_TEAM = 8LSA357AU5;
				GENERATE_INFOPLIST_FILE = YES;
				MARKETING_VERSION = 1.0;
				PRODUCT_BUNDLE_IDENTIFIER = me.andy.allen.InkOSUITests;
				PRODUCT_NAME = "$(TARGET_NAME)";
				STRING_CATALOG_GENERATE_SYMBOLS = NO;
				SWIFT_APPROACHABLE_CONCURRENCY = YES;
				SWIFT_EMIT_LOC_STRINGS = NO;
				SWIFT_UPCOMING_FEATURE_MEMBER_IMPORT_VISIBILITY = YES;
				SWIFT_VERSION = 5.0;
				TARGETED_DEVICE_FAMILY = "1,2";
				TEST_TARGET_NAME = InkOS;
			};
			name = Debug;
		};
		AE1AC1172EFB3B9E00E6E4BA /* Release */ = {
			isa = XCBuildConfiguration;
			buildSettings = {
				CODE_SIGN_STYLE = Automatic;
				CURRENT_PROJECT_VERSION = 1;
				DEVELOPMENT_TEAM = 8LSA357AU5;
				GENERATE_INFOPLIST_FILE = YES;
				MARKETING_VERSION = 1.0;
				PRODUCT_BUNDLE_IDENTIFIER = me.andy.allen.InkOSUITests;
				PRODUCT_NAME = "$(TARGET_NAME)";
				STRING_CATALOG_GENERATE_SYMBOLS = NO;
				SWIFT_APPROACHABLE_CONCURRENCY = YES;
				SWIFT_EMIT_LOC_STRINGS = NO;
				SWIFT_UPCOMING_FEATURE_MEMBER_IMPORT_VISIBILITY = YES;
				SWIFT_VERSION = 5.0;
				TARGETED_DEVICE_FAMILY = "1,2";
				TEST_TARGET_NAME = InkOS;
			};
			name = Release;
		};
		AEAFC2422EF4B85D00811728 /* Debug */ = {
			isa = XCBuildConfiguration;
			buildSettings = {
				ALWAYS_SEARCH_USER_PATHS = NO;
				ASSETCATALOG_COMPILER_GENERATE_SWIFT_ASSET_SYMBOL_EXTENSIONS = YES;
				CLANG_ANALYZER_NONNULL = YES;
				CLANG_ANALYZER_NUMBER_OBJECT_CONVERSION = YES_AGGRESSIVE;
				CLANG_CXX_LANGUAGE_STANDARD = "gnu++20";
				CLANG_ENABLE_MODULES = YES;
				CLANG_ENABLE_OBJC_ARC = YES;
				CLANG_ENABLE_OBJC_WEAK = YES;
				CLANG_WARN_BLOCK_CAPTURE_AUTORELEASING = YES;
				CLANG_WARN_BOOL_CONVERSION = YES;
				CLANG_WARN_COMMA = YES;
				CLANG_WARN_CONSTANT_CONVERSION = YES;
				CLANG_WARN_DEPRECATED_OBJC_IMPLEMENTATIONS = YES;
				CLANG_WARN_DIRECT_OBJC_ISA_USAGE = YES_ERROR;
				CLANG_WARN_DOCUMENTATION_COMMENTS = YES;
				CLANG_WARN_EMPTY_BODY = YES;
				CLANG_WARN_ENUM_CONVERSION = YES;
				CLANG_WARN_INFINITE_RECURSION = YES;
				CLANG_WARN_INT_CONVERSION = YES;
				CLANG_WARN_NON_LITERAL_NULL_CONVERSION = YES;
				CLANG_WARN_OBJC_IMPLICIT_RETAIN_SELF = YES;
				CLANG_WARN_OBJC_LITERAL_CONVERSION = YES;
				CLANG_WARN_OBJC_ROOT_CLASS = YES_ERROR;
				CLANG_WARN_QUOTED_INCLUDE_IN_FRAMEWORK_HEADER = YES;
				CLANG_WARN_RANGE_LOOP_ANALYSIS = YES;
				CLANG_WARN_STRICT_PROTOTYPES = YES;
				CLANG_WARN_SUSPICIOUS_MOVE = YES;
				CLANG_WARN_UNGUARDED_AVAILABILITY = YES_AGGRESSIVE;
				CLANG_WARN_UNREACHABLE_CODE = YES;
				CLANG_WARN__DUPLICATE_METHOD_MATCH = YES;
				COPY_PHASE_STRIP = NO;
				DEBUG_INFORMATION_FORMAT = dwarf;
				ENABLE_STRICT_OBJC_MSGSEND = YES;
				ENABLE_TESTABILITY = YES;
				ENABLE_USER_SCRIPT_SANDBOXING = YES;
				GCC_C_LANGUAGE_STANDARD = gnu17;
				GCC_DYNAMIC_NO_PIC = NO;
				GCC_NO_COMMON_BLOCKS = YES;
				GCC_OPTIMIZATION_LEVEL = 0;
				GCC_PREPROCESSOR_DEFINITIONS = (
					"DEBUG=1",
					"$(inherited)",
				);
				GCC_WARN_64_TO_32_BIT_CONVERSION = YES;
				GCC_WARN_ABOUT_RETURN_TYPE = YES_ERROR;
				GCC_WARN_UNDECLARED_SELECTOR = YES;
				GCC_WARN_UNINITIALIZED_AUTOS = YES_AGGRESSIVE;
				GCC_WARN_UNUSED_FUNCTION = YES;
				GCC_WARN_UNUSED_VARIABLE = YES;
				IPHONEOS_DEPLOYMENT_TARGET = 26.2;
				LOCALIZATION_PREFERS_STRING_CATALOGS = YES;
				MTL_ENABLE_DEBUG_INFO = INCLUDE_SOURCE;
				MTL_FAST_MATH = YES;
				ONLY_ACTIVE_ARCH = YES;
				SDKROOT = iphoneos;
				STRING_CATALOG_GENERATE_SYMBOLS = YES;
				SWIFT_ACTIVE_COMPILATION_CONDITIONS = "DEBUG $(inherited)";
				SWIFT_OPTIMIZATION_LEVEL = "-Onone";
			};
			name = Debug;
		};
		AEAFC2432EF4B85D00811728 /* Release */ = {
			isa = XCBuildConfiguration;
			buildSettings = {
				ALWAYS_SEARCH_USER_PATHS = NO;
				ASSETCATALOG_COMPILER_GENERATE_SWIFT_ASSET_SYMBOL_EXTENSIONS = YES;
				CLANG_ANALYZER_NONNULL = YES;
				CLANG_ANALYZER_NUMBER_OBJECT_CONVERSION = YES_AGGRESSIVE;
				CLANG_CXX_LANGUAGE_STANDARD = "gnu++20";
				CLANG_ENABLE_MODULES = YES;
				CLANG_ENABLE_OBJC_ARC = YES;
				CLANG_ENABLE_OBJC_WEAK = YES;
				CLANG_WARN_BLOCK_CAPTURE_AUTORELEASING = YES;
				CLANG_WARN_BOOL_CONVERSION = YES;
				CLANG_WARN_COMMA = YES;
				CLANG_WARN_CONSTANT_CONVERSION = YES;
				CLANG_WARN_DEPRECATED_OBJC_IMPLEMENTATIONS = YES;
				CLANG_WARN_DIRECT_OBJC_ISA_USAGE = YES_ERROR;
				CLANG_WARN_DOCUMENTATION_COMMENTS = YES;
				CLANG_WARN_EMPTY_BODY = YES;
				CLANG_WARN_ENUM_CONVERSION = YES;
				CLANG_WARN_INFINITE_RECURSION = YES;
				CLANG_WARN_INT_CONVERSION = YES;
				CLANG_WARN_NON_LITERAL_NULL_CONVERSION = YES;
				CLANG_WARN_OBJC_IMPLICIT_RETAIN_SELF = YES;
				CLANG_WARN_OBJC_LITERAL_CONVERSION = YES;
				CLANG_WARN_OBJC_ROOT_CLASS = YES_ERROR;
				CLANG_WARN_QUOTED_INCLUDE_IN_FRAMEWORK_HEADER = YES;
				CLANG_WARN_RANGE_LOOP_ANALYSIS = YES;
				CLANG_WARN_STRICT_PROTOTYPES = YES;
				CLANG_WARN_SUSPICIOUS_MOVE = YES;
				CLANG_WARN_UNGUARDED_AVAILABILITY = YES_AGGRESSIVE;
				CLANG_WARN_UNREACHABLE_CODE = YES;
				CLANG_WARN__DUPLICATE_METHOD_MATCH = YES;
				COPY_PHASE_STRIP = NO;
				DEBUG_INFORMATION_FORMAT = "dwarf-with-dsym";
				ENABLE_NS_ASSERTIONS = NO;
				ENABLE_STRICT_OBJC_MSGSEND = YES;
				ENABLE_USER_SCRIPT_SANDBOXING = YES;
				GCC_C_LANGUAGE_STANDARD = gnu17;
				GCC_NO_COMMON_BLOCKS = YES;
				GCC_WARN_64_TO_32_BIT_CONVERSION = YES;
				GCC_WARN_ABOUT_RETURN_TYPE = YES_ERROR;
				GCC_WARN_UNDECLARED_SELECTOR = YES;
				GCC_WARN_UNINITIALIZED_AUTOS = YES_AGGRESSIVE;
				GCC_WARN_UNUSED_FUNCTION = YES;
				GCC_WARN_UNUSED_VARIABLE = YES;
				IPHONEOS_DEPLOYMENT_TARGET = 26.2;
				LOCALIZATION_PREFERS_STRING_CATALOGS = YES;
				MTL_ENABLE_DEBUG_INFO = NO;
				MTL_FAST_MATH = YES;
				SDKROOT = iphoneos;
				STRING_CATALOG_GENERATE_SYMBOLS = YES;
				SWIFT_COMPILATION_MODE = wholemodule;
				VALIDATE_PRODUCT = YES;
			};
			name = Release;
		};
		AEAFC2452EF4B85D00811728 /* Debug */ = {
			isa = XCBuildConfiguration;
			baseConfigurationReference = B95CC48760412B82842147D7 /* Pods-InkOS.debug.xcconfig */;
			buildSettings = {
				ASSETCATALOG_COMPILER_APPICON_NAME = "";
				ASSETCATALOG_COMPILER_GLOBAL_ACCENT_COLOR_NAME = AccentColor;
				CODE_SIGN_STYLE = Automatic;
				CURRENT_PROJECT_VERSION = 1;
				DEVELOPMENT_TEAM = 8LSA357AU5;
				ENABLE_PREVIEWS = YES;
				ENABLE_USER_SCRIPT_SANDBOXING = NO;
				EXCLUDED_SOURCE_FILE_NAMES = "com.myscript..+.c";
				GCC_PREPROCESSOR_DEFINITIONS = (
					"$(inherited)",
					"GET_STARTED=1",
				);
				GENERATE_INFOPLIST_FILE = NO;
				HEADER_SEARCH_PATHS = (
					"$(inherited)",
					"\"${PODS_CONFIGURATION_BUILD_DIR}/MyScriptInteractiveInk-Runtime/MyScriptInteractiveInk_Runtime.framework/Headers\"",
					"\"${PODS_XCFRAMEWORKS_BUILD_DIR}/MyScriptInteractiveInk-Runtime/Headers\"",
					"\"${PODS_ROOT}/MyScriptInteractiveInk-Runtime/Frameworks/iink.framework/Headers\"",
					"\"${SRCROOT}/InkOS/Frameworks\"",
					"$(inherited)",
				);
				INFOPLIST_FILE = InkOS/Info.plist;
				INFOPLIST_KEY_UIApplicationSceneManifest_Generation = YES;
				INFOPLIST_KEY_UIApplicationSupportsIndirectInputEvents = YES;
				INFOPLIST_KEY_UILaunchScreen_Generation = YES;
				INFOPLIST_KEY_UISupportedInterfaceOrientations_iPad = "UIInterfaceOrientationPortrait UIInterfaceOrientationPortraitUpsideDown UIInterfaceOrientationLandscapeLeft UIInterfaceOrientationLandscapeRight";
				INFOPLIST_KEY_UISupportedInterfaceOrientations_iPhone = "UIInterfaceOrientationPortrait UIInterfaceOrientationLandscapeLeft UIInterfaceOrientationLandscapeRight";
				LD_RUNPATH_SEARCH_PATHS = (
					"$(inherited)",
					"@executable_path/Frameworks",
				);
				MARKETING_VERSION = 1.0;
				PRODUCT_BUNDLE_IDENTIFIER = me.andy.allen.Trivial;
				PRODUCT_MODULE_NAME = InkOS;
				PRODUCT_NAME = "$(TARGET_NAME)";
				STRING_CATALOG_GENERATE_SYMBOLS = YES;
				SWIFT_APPROACHABLE_CONCURRENCY = YES;
				SWIFT_DEFAULT_ACTOR_ISOLATION = nonisolated;
				SWIFT_EMIT_LOC_STRINGS = YES;
				"SWIFT_OBJC_BRIDGING_HEADER[arch=*]" = "InkOS/InkOS-Bridging-Header.h";
				SWIFT_UPCOMING_FEATURE_MEMBER_IMPORT_VISIBILITY = YES;
				SWIFT_VERSION = 5.0;
				TARGETED_DEVICE_FAMILY = "1,2";
				"USER_HEADER_SEARCH_PATHS[arch=*]" = "\"${PODS_ROOT}/MyScriptInteractiveInk-Runtime/Frameworks/iink.framework/Headers\"/**";
			};
			name = Debug;
		};
		AEAFC2462EF4B85D00811728 /* Release */ = {
			isa = XCBuildConfiguration;
			baseConfigurationReference = 3C72F6D8DDA74BAAB09FB025 /* Pods-InkOS.release.xcconfig */;
			buildSettings = {
				ASSETCATALOG_COMPILER_APPICON_NAME = "";
				ASSETCATALOG_COMPILER_GLOBAL_ACCENT_COLOR_NAME = AccentColor;
				CODE_SIGN_STYLE = Automatic;
				CURRENT_PROJECT_VERSION = 1;
				DEVELOPMENT_TEAM = 8LSA357AU5;
				ENABLE_PREVIEWS = YES;
				ENABLE_USER_SCRIPT_SANDBOXING = NO;
				EXCLUDED_SOURCE_FILE_NAMES = "com.myscript..+.c";
				GCC_PREPROCESSOR_DEFINITIONS = (
					"$(inherited)",
					"GET_STARTED=1",
				);
				GENERATE_INFOPLIST_FILE = NO;
				HEADER_SEARCH_PATHS = (
					"$(inherited)",
					"\"${PODS_CONFIGURATION_BUILD_DIR}/MyScriptInteractiveInk-Runtime/MyScriptInteractiveInk_Runtime.framework/Headers\"",
					"\"${PODS_XCFRAMEWORKS_BUILD_DIR}/MyScriptInteractiveInk-Runtime/Headers\"",
					"\"${PODS_ROOT}/MyScriptInteractiveInk-Runtime/Frameworks/iink.framework/Headers\"",
					"\"${SRCROOT}/InkOS/Frameworks\"",
					"$(inherited)",
				);
				INFOPLIST_FILE = InkOS/Info.plist;
				INFOPLIST_KEY_UIApplicationSceneManifest_Generation = YES;
				INFOPLIST_KEY_UIApplicationSupportsIndirectInputEvents = YES;
				INFOPLIST_KEY_UILaunchScreen_Generation = YES;
				INFOPLIST_KEY_UISupportedInterfaceOrientations_iPad = "UIInterfaceOrientationPortrait UIInterfaceOrientationPortraitUpsideDown UIInterfaceOrientationLandscapeLeft UIInterfaceOrientationLandscapeRight";
				INFOPLIST_KEY_UISupportedInterfaceOrientations_iPhone = "UIInterfaceOrientationPortrait UIInterfaceOrientationLandscapeLeft UIInterfaceOrientationLandscapeRight";
				LD_RUNPATH_SEARCH_PATHS = (
					"$(inherited)",
					"@executable_path/Frameworks",
				);
				MARKETING_VERSION = 1.0;
				PRODUCT_BUNDLE_IDENTIFIER = me.andy.allen.Trivial;
				PRODUCT_MODULE_NAME = InkOS;
				PRODUCT_NAME = "$(TARGET_NAME)";
				STRING_CATALOG_GENERATE_SYMBOLS = YES;
				SWIFT_APPROACHABLE_CONCURRENCY = YES;
				SWIFT_DEFAULT_ACTOR_ISOLATION = nonisolated;
				SWIFT_EMIT_LOC_STRINGS = YES;
				"SWIFT_OBJC_BRIDGING_HEADER[arch=*]" = "InkOS/InkOS-Bridging-Header.h";
				SWIFT_UPCOMING_FEATURE_MEMBER_IMPORT_VISIBILITY = YES;
				SWIFT_VERSION = 5.0;
				TARGETED_DEVICE_FAMILY = "1,2";
				"USER_HEADER_SEARCH_PATHS[arch=*]" = "\"${PODS_ROOT}/MyScriptInteractiveInk-Runtime/Frameworks/iink.framework/Headers\"/**";
			};
			name = Release;
		};
		AECB52372F022B2B007CACA0 /* Debug */ = {
			isa = XCBuildConfiguration;
			baseConfigurationReference = EC99239A781B4BA5738A93B7 /* Pods-InkOSTests.debug.xcconfig */;
			buildSettings = {
				BUNDLE_LOADER = "$(TEST_HOST)";
				CODE_SIGN_STYLE = Automatic;
				CURRENT_PROJECT_VERSION = 1;
				DEVELOPMENT_TEAM = 8LSA357AU5;
				FRAMEWORK_SEARCH_PATHS = "$(inherited)";
				GENERATE_INFOPLIST_FILE = YES;
				HEADER_SEARCH_PATHS = (
					"$(inherited)",
					"\"${SRCROOT}/InkOS/Frameworks\"",
				);
				MARKETING_VERSION = 1.0;
				PRODUCT_BUNDLE_IDENTIFIER = me.andy.allen.InkOSTests;
				PRODUCT_NAME = "$(TARGET_NAME)";
				STRING_CATALOG_GENERATE_SYMBOLS = NO;
				SWIFT_APPROACHABLE_CONCURRENCY = YES;
				SWIFT_EMIT_LOC_STRINGS = NO;
				SWIFT_UPCOMING_FEATURE_MEMBER_IMPORT_VISIBILITY = YES;
				SWIFT_VERSION = 5.0;
				TARGETED_DEVICE_FAMILY = "1,2";
				TEST_HOST = "$(BUILT_PRODUCTS_DIR)/InkOS.app/$(BUNDLE_EXECUTABLE_FOLDER_PATH)/InkOS";
			};
			name = Debug;
		};
		AECB52382F022B2B007CACA0 /* Release */ = {
			isa = XCBuildConfiguration;
			baseConfigurationReference = 3D1AAC0C313519CAE29AE659 /* Pods-InkOSTests.release.xcconfig */;
			buildSettings = {
				BUNDLE_LOADER = "$(TEST_HOST)";
				CODE_SIGN_STYLE = Automatic;
				CURRENT_PROJECT_VERSION = 1;
				DEVELOPMENT_TEAM = 8LSA357AU5;
				FRAMEWORK_SEARCH_PATHS = "$(inherited)";
				GENERATE_INFOPLIST_FILE = YES;
				HEADER_SEARCH_PATHS = (
					"$(inherited)",
					"\"${SRCROOT}/InkOS/Frameworks\"",
				);
				MARKETING_VERSION = 1.0;
				PRODUCT_BUNDLE_IDENTIFIER = me.andy.allen.InkOSTests;
				PRODUCT_NAME = "$(TARGET_NAME)";
				STRING_CATALOG_GENERATE_SYMBOLS = NO;
				SWIFT_APPROACHABLE_CONCURRENCY = YES;
				SWIFT_EMIT_LOC_STRINGS = NO;
				SWIFT_UPCOMING_FEATURE_MEMBER_IMPORT_VISIBILITY = YES;
				SWIFT_VERSION = 5.0;
				TARGETED_DEVICE_FAMILY = "1,2";
				TEST_HOST = "$(BUILT_PRODUCTS_DIR)/InkOS.app/$(BUNDLE_EXECUTABLE_FOLDER_PATH)/InkOS";
			};
			name = Release;
		};
/* End XCBuildConfiguration section */

/* Begin XCConfigurationList section */
		AE1AC1152EFB3B9E00E6E4BA /* Build configuration list for PBXNativeTarget "InkOSUITests" */ = {
			isa = XCConfigurationList;
			buildConfigurations = (
				AE1AC1162EFB3B9E00E6E4BA /* Debug */,
				AE1AC1172EFB3B9E00E6E4BA /* Release */,
			);
			defaultConfigurationIsVisible = 0;
			defaultConfigurationName = Release;
		};
		AEAFC2342EF4B85B00811728 /* Build configuration list for PBXProject "InkOS" */ = {
			isa = XCConfigurationList;
			buildConfigurations = (
				AEAFC2422EF4B85D00811728 /* Debug */,
				AEAFC2432EF4B85D00811728 /* Release */,
			);
			defaultConfigurationIsVisible = 0;
			defaultConfigurationName = Release;
		};
		AEAFC2442EF4B85D00811728 /* Build configuration list for PBXNativeTarget "InkOS" */ = {
			isa = XCConfigurationList;
			buildConfigurations = (
				AEAFC2452EF4B85D00811728 /* Debug */,
				AEAFC2462EF4B85D00811728 /* Release */,
			);
			defaultConfigurationIsVisible = 0;
			defaultConfigurationName = Release;
		};
		AECB52392F022B2B007CACA0 /* Build configuration list for PBXNativeTarget "InkOSTests" */ = {
			isa = XCConfigurationList;
			buildConfigurations = (
				AECB52372F022B2B007CACA0 /* Debug */,
				AECB52382F022B2B007CACA0 /* Release */,
			);
			defaultConfigurationIsVisible = 0;
			defaultConfigurationName = Release;
		};
/* End XCConfigurationList section */
	};
	rootObject = AEAFC2312EF4B85B00811728 /* Project object */;
}
